
Microsoft Visual Studio Solution File, Format Version 12.00
# Visual Studio Version 16
VisualStudioVersion = 16.0.29905.134
MinimumVisualStudioVersion = 10.0.40219.1
Project("{9092AA53-FB77-4645-B42D-1CCCA6BD08BD}") = "javascript", "javascript\javascript.njsproj", "{EFC3B1F2-09BA-4E1A-B0E8-639B89F9D142}"
EndProject
Global
	GlobalSection(SolutionConfigurationPlatforms) = preSolution
		Debug|Any CPU = Debug|Any CPU
		Release|Any CPU = Release|Any CPU
	EndGlobalSection
	GlobalSection(ProjectConfigurationPlatforms) = postSolution
		{EFC3B1F2-09BA-4E1A-B0E8-639B89F9D142}.Debug|Any CPU.ActiveCfg = Debug|Any CPU
		{EFC3B1F2-09BA-4E1A-B0E8-639B89F9D142}.Debug|Any CPU.Build.0 = Debug|Any CPU
		{EFC3B1F2-09BA-4E1A-B0E8-639B89F9D142}.Release|Any CPU.ActiveCfg = Release|Any CPU
		{EFC3B1F2-09BA-4E1A-B0E8-639B89F9D142}.Release|Any CPU.Build.0 = Release|Any CPU
	EndGlobalSection
	GlobalSection(SolutionProperties) = preSolution
		HideSolutionNode = FALSE
	EndGlobalSection
	GlobalSection(ExtensibilityGlobals) = postSolution
		SolutionGuid = {971CF059-74CA-4539-874D-53238F44DA6C}
	EndGlobalSection
EndGlobal
